# THIS IS AN AUTOGENERATED FILE. DO NOT EDIT THIS FILE DIRECTLY.
# yarn lockfile v1


"@storybook/csf@0.0.1":
  version "0.0.1"
  resolved "https://registry.npmjs.org/@storybook/csf/-/csf-0.0.1.tgz"
  integrity sha512-USTLkZze5gkel8MYCujSRBVIrUQ3YPBrLOx7GNk/0wttvVtlzWXAq9eLbQ4p/NicGxP+3T7KPEMVV//g+yubpw==
  dependencies:
    lodash "^4.17.15"

acorn@^3.1.0:
  version "3.3.0"
  resolved "https://registry.npmjs.org/acorn/-/acorn-3.3.0.tgz#45e37fb39e8da3f25baee3ff5369e2bb5f22017a"
  integrity sha1-ReN/s56No/JbruP/U2niu18iAXo=

acorn@~4.0.2:
  version "4.0.13"
  resolved "https://registry.npmjs.org/acorn/-/acorn-4.0.13.tgz#105495ae5361d697bd195c825192e1ad7f253787"
  integrity sha1-EFSVrlNh1pe9GVyCUZLhrX8lN4c=

ast-types@0.12.4:
  version "0.12.4"
  resolved "https://registry.npmjs.org/ast-types/-/ast-types-0.12.4.tgz"
  integrity sha512-ky/YVYCbtVAS8TdMIaTiPFHwEpRB5z1hctepJplTr3UW5q8TDrpIMCILyk8pmLxGtn2KCtC/lSn7zOsaI7nzDw==

ast-types@^0.12.2:
  version "0.12.4"
  resolved "https://registry.npmjs.org/ast-types/-/ast-types-0.12.4.tgz"
  integrity sha512-ky/YVYCbtVAS8TdMIaTiPFHwEpRB5z1hctepJplTr3UW5q8TDrpIMCILyk8pmLxGtn2KCtC/lSn7zOsaI7nzDw==

camelcase@^1.0.2:
  version "1.2.1"
  resolved "https://registry.npmjs.org/camelcase/-/camelcase-1.2.1.tgz#9bb5304d2e0b56698b2c758b08a3eaa9daa58a39"
  integrity sha1-m7UwTS4LVmmLLHWLCKPqqdqlijk=

cliui@^2.1.0:
  version "2.1.0"
  resolved "https://registry.npmjs.org/cliui/-/cliui-2.1.0.tgz#4b475760ff80264c762c3a1719032e91c7fea0d1"
  integrity sha1-S0dXYP+AJkx2LDoXGQMukcf+oNE=
  dependencies:
    center-align "^0.1.1"
    right-align "^0.1.1"
    wordwrap "0.0.2"

create-react-context@0.3.0:
  version "0.3.0"
  resolved "https://registry.npmjs.org/create-react-context/-/create-react-context-0.3.0.tgz"
  integrity sha512-dNldIoSuNSvlTJ7slIKC/ZFGKexBMBrrcc+TTe1NdmROnaASuLPvqpwj9v4XS4uXZ8+YPu0sNmShX2rXI5LNsw==
  dependencies:
    gud "^1.0.0"
    warning "^4.0.3"

fast-deep-equal@^2.0.1:
  version "2.0.1"
  resolved "https://registry.npmjs.org/fast-deep-equal/-/fast-deep-equal-2.0.1.tgz#7b05218ddf9667bf7f370bf7fdb2cb15fdd0aa49"
  integrity sha1-ewUhjd+WZ79/Nwv3/bLLFf3Qqkk=

is-expression@^3.0.0:
  version "3.0.0"
  resolved "https://registry.npmjs.org/is-expression/-/is-expression-3.0.0.tgz#39acaa6be7fd1f3471dc42c7416e61c24317ac9f"
  integrity sha1-Oayqa+f9HzRx3ELHQW5hwkMXrJ8=
  dependencies:
    acorn "~4.0.2"
    object-assign "^4.0.1"

isobject@^4.0.0:
  version "4.0.0"
  resolved "https://registry.npmjs.org/isobject/-/isobject-4.0.0.tgz"
  integrity sha512-S/2fF5wH8SJA/kmwr6HYhK/RI/OkhD84k8ntalo0iJjZikgq1XFvR5M8NPT1x5F7fBwCG3qHfnzeP/Vh/ZxCUA==

lru-cache@^4.1.5:
  version "4.1.5"
  resolved "https://registry.npmjs.org/lru-cache/-/lru-cache-4.1.5.tgz"
  integrity sha512-sWZlbEP2OsHNkXrMl5GYk/jKk70MBng6UU4YI/qGDYbgf6YbP4EvmqISbXCoJiRKs+1bSpFHVgQxvJ17F2li5g==
  dependencies:
    pseudomap "^1.0.2"
    yallist "^2.1.2"

markdown-it@^10.0.0:
  version "10.0.0"
  resolved "https://registry.npmjs.org/markdown-it/-/markdown-it-10.0.0.tgz"
  integrity sha512-YWOP1j7UbDNz+TumYP1kpwnP0aEa711cJjrAQrzd0UXlbJfc5aAq0F/PZHjiioqDC1NKgvIMX+o+9Bk7yuM2dg==
  dependencies:
    argparse "^1.0.7"
    entities "~2.0.0"
    linkify-it "^2.0.0"
    mdurl "^1.0.1"
    uc.micro "^1.0.5"

pug-attrs@^2.0.4:
  version "2.0.4"
  resolved "https://registry.npmjs.org/pug-attrs/-/pug-attrs-2.0.4.tgz"
  integrity sha512-TaZ4Z2TWUPDJcV3wjU3RtUXMrd3kM4Wzjbe3EWnSsZPsJ3LDI0F3yCnf2/W7PPFF+edUFQ0HgDL1IoxSz5K8EQ==
  dependencies:
    constantinople "^3.0.1"
    js-stringify "^1.0.1"
    pug-runtime "^2.0.5"

pug-filters@^3.1.1:
  version "3.1.1"
  resolved "https://registry.npmjs.org/pug-filters/-/pug-filters-3.1.1.tgz"
  integrity sha512-lFfjNyGEyVWC4BwX0WyvkoWLapI5xHSM3xZJFUhx4JM4XyyRdO8Aucc6pCygnqV2uSgJFaJWW3Ft1wCWSoQkQg==
  dependencies:
    clean-css "^4.1.11"
    constantinople "^3.0.1"
    jstransformer "1.0.0"
    pug-error "^1.3.3"
    pug-walk "^1.1.8"
    resolve "^1.1.6"
    uglify-js "^2.6.1"

pug-lexer@^4.1.0:
  version "4.1.0"
  resolved "https://registry.npmjs.org/pug-lexer/-/pug-lexer-4.1.0.tgz"
  integrity sha512-i55yzEBtjm0mlplW4LoANq7k3S8gDdfC6+LThGEvsK4FuobcKfDAwt6V4jKPH9RtiE3a2Akfg5UpafZ1OksaPA==
  dependencies:
    character-parser "^2.1.1"
    is-expression "^3.0.0"
    pug-error "^1.3.3"

pug-linker@^3.0.6:
  version "3.0.6"
  resolved "https://registry.npmjs.org/pug-linker/-/pug-linker-3.0.6.tgz"
  integrity sha512-bagfuHttfQOpANGy1Y6NJ+0mNb7dD2MswFG2ZKj22s8g0wVsojpRlqveEQHmgXXcfROB2RT6oqbPYr9EN2ZWzg==
  dependencies:
    pug-error "^1.3.3"
    pug-walk "^1.1.8"

pug-load@^2.0.12:
  version "2.0.12"
  resolved "https://registry.npmjs.org/pug-load/-/pug-load-2.0.12.tgz"
  integrity sha512-UqpgGpyyXRYgJs/X60sE6SIf8UBsmcHYKNaOccyVLEuT6OPBIMo6xMPhoJnqtB3Q3BbO4Z3Bjz5qDsUWh4rXsg==
  dependencies:
    object-assign "^4.1.0"
    pug-walk "^1.1.8"

pug-parser@^5.0.1:
  version "5.0.1"
  resolved "https://registry.npmjs.org/pug-parser/-/pug-parser-5.0.1.tgz"
  integrity sha512-nGHqK+w07p5/PsPIyzkTQfzlYfuqoiGjaoqHv1LjOv2ZLXmGX1O+4Vcvps+P4LhxZ3drYSljjq4b+Naid126wA==
  dependencies:
    pug-error "^1.3.3"
    token-stream "0.0.1"

pug-strip-comments@^1.0.4:
  version "1.0.4"
  resolved "https://registry.npmjs.org/pug-strip-comments/-/pug-strip-comments-1.0.4.tgz"
  integrity sha512-i5j/9CS4yFhSxHp5iKPHwigaig/VV9g+FgReLJWWHEHbvKsbqL0oP/K5ubuLco6Wu3Kan5p7u7qk8A4oLLh6vw==
  dependencies:
    pug-error "^1.3.3"

pug@^2.0.3:
  version "2.0.4"
  resolved "https://registry.npmjs.org/pug/-/pug-2.0.4.tgz"
  integrity sha512-XhoaDlvi6NIzL49nu094R2NA6P37ijtgMDuWE+ofekDChvfKnzFal60bhSdiy8y2PBO6fmz3oMEIcfpBVRUdvw==
  dependencies:
    pug-code-gen "^2.0.2"
    pug-filters "^3.1.1"
    pug-lexer "^4.1.0"
    pug-linker "^3.0.6"
    pug-load "^2.0.12"
    pug-parser "^5.0.1"
    pug-runtime "^2.0.5"
    pug-strip-comments "^1.0.4"

react-popper-tooltip@^2.8.3:
  version "2.11.1"
  resolved "https://registry.npmjs.org/react-popper-tooltip/-/react-popper-tooltip-2.11.1.tgz"
  integrity sha512-04A2f24GhyyMicKvg/koIOQ5BzlrRbKiAgP6L+Pdj1MVX3yJ1NeZ8+EidndQsbejFT55oW1b++wg2Z8KlAyhfQ==
  dependencies:
    "@babel/runtime" "^7.9.2"
    react-popper "^1.3.7"

react-textarea-autosize@^7.1.0:
  version "7.1.2"
  resolved "https://registry.npmjs.org/react-textarea-autosize/-/react-textarea-autosize-7.1.2.tgz"
  integrity sha512-uH3ORCsCa3C6LHxExExhF4jHoXYCQwE5oECmrRsunlspaDAbS4mGKNlWZqjLfInWtFQcf0o1n1jC/NGXFdUBCg==
  dependencies:
    "@babel/runtime" "^7.1.2"
    prop-types "^15.6.0"

recast@^0.17.3:
  version "0.17.6"
  resolved "https://registry.npmjs.org/recast/-/recast-0.17.6.tgz"
  integrity sha512-yoQRMRrK1lszNtbkGyM4kN45AwylV5hMiuEveUBlxytUViWevjvX6w+tzJt1LH4cfUhWt4NZvy3ThIhu6+m5wQ==
  dependencies:
    ast-types "0.12.4"
    esprima "~4.0.0"
    private "^0.1.8"
    source-map "~0.6.1"

semver@^6.0.0:
  version "6.3.0"
  resolved "https://registry.npmjs.org/semver/-/semver-6.3.0.tgz"
  integrity sha512-b39TBaTSfV6yBrapU89p5fKekE2m/NwnDocOVruQFS1/veMgdzuPcnOM34M6CwxW8jH/lxEa5rBoDeUwu5HHTw==

simplebar-react@^1.0.0-alpha.6:
  version "1.2.3"
  resolved "https://registry.npmjs.org/simplebar-react/-/simplebar-react-1.2.3.tgz"
  integrity sha512-1EOWJzFC7eqHUp1igD1/tb8GBv5aPQA5ZMvpeDnVkpNJ3jAuvmrL2kir3HuijlxhG7njvw9ssxjjBa89E5DrJg==
  dependencies:
    prop-types "^15.6.1"
    simplebar "^4.2.3"

source-map@~0.5.1:
  version "0.5.7"
  resolved "https://registry.npmjs.org/source-map/-/source-map-0.5.7.tgz#8a039d2d1021d22d1ea14c80d8ea468ba2ef3fcc"
  integrity sha1-igOdLRAh0i0eoUyA2OpGi6LvP8w=

storybook-addon-vue-info@^1.4.1:
  version "1.4.2"
  resolved "https://registry.npmjs.org/storybook-addon-vue-info/-/storybook-addon-vue-info-1.4.2.tgz"
  integrity sha512-17AnVlWL9SqACoDixAixbGMIcqqljVqZAUPfYTgnPwKeOXzRAIesIrRUmTVfQkZhg1XstUUnpcfHSuZjpeR/Lw==
  dependencies:
    change-case "^4.1.0"
    clone "^2.1.2"
    dedent-tabs "^0.8.0"
    highlight.js "^9.12.0"
    loader-utils "^1.2.3"
    marked "^0.7.0"
    querystring "^0.2.0"
    vue-docgen-api "^3.11.4"
    vue-template-compiler "^2.5.16"
    vuera "^0.2.3"

telejson@^3.2.0:
  version "3.3.0"
  resolved "https://registry.npmjs.org/telejson/-/telejson-3.3.0.tgz"
  integrity sha512-er08AylQ+LEbDLp1GRezORZu5wKOHaBczF6oYJtgC3Idv10qZ8A3p6ffT+J5BzDKkV9MqBvu8HAKiIIOp6KJ2w==
  dependencies:
    "@types/is-function" "^1.0.0"
    global "^4.4.0"
    is-function "^1.0.1"
    is-regex "^1.0.4"
    is-symbol "^1.0.3"
    isobject "^4.0.0"
    lodash "^4.17.15"
    memoizerific "^1.11.3"

token-stream@0.0.1:
  version "0.0.1"
  resolved "https://registry.npmjs.org/token-stream/-/token-stream-0.0.1.tgz#ceeefc717a76c4316f126d0b9dbaa55d7e7df01a"
  integrity sha1-zu78cXp2xDFvEm0LnbqlXX598Bo=

uglify-js@^2.6.1:
  version "2.8.29"
  resolved "https://registry.npmjs.org/uglify-js/-/uglify-js-2.8.29.tgz#29c5733148057bb4e1f75df35b7a9cb72e6a59dd"
  integrity sha1-KcVzMUgFe7Th913zW3qcty5qWd0=
  dependencies:
    source-map "~0.5.1"
    yargs "~3.10.0"
  optionalDependencies:
    uglify-to-browserify "~1.0.0"

void-elements@^2.0.1:
  version "2.0.1"
  resolved "https://registry.npmjs.org/void-elements/-/void-elements-2.0.1.tgz#c066afb582bb1cb4128d60ea92392e94d5e9dbec"
  integrity sha1-wGavtYK7HLQSjWDqkjkulNXp2+w=

vue-docgen-api@^3.11.4:
  version "3.26.0"
  resolved "https://registry.npmjs.org/vue-docgen-api/-/vue-docgen-api-3.26.0.tgz"
  integrity sha512-ujdg4i5ZI/wE46RZQMFzKnDGyhEuPCu+fMA86CAd9EIek/6+OqraSVBm5ZkLrbEd5f8xxdnqMU4yiSGHHeao/Q==
  dependencies:
    "@babel/parser" "^7.2.3"
    "@babel/types" "^7.0.0"
    ast-types "^0.12.2"
    hash-sum "^1.0.2"
    lru-cache "^4.1.5"
    pug "^2.0.3"
    recast "^0.17.3"
    ts-map "^1.0.3"
    typescript "^3.2.2"
    vue-template-compiler "^2.0.0"

vuera@^0.2.3:
  version "0.2.7"
  resolved "https://registry.npmjs.org/vuera/-/vuera-0.2.7.tgz"
  integrity sha512-MZErNEK+xXjxBzIDFL9cdEtX3TDZk4pMJGB+WLrlFOVro9okS/FeOSpdPFkpdyZUImZN/or4CrmztA932ChGEQ==

with@^5.0.0:
  version "5.1.1"
  resolved "https://registry.npmjs.org/with/-/with-5.1.1.tgz#fa4daa92daf32c4ea94ed453c81f04686b575dfe"
  integrity sha1-+k2qktrzLE6pTtRTyB8EaGtXXf4=
  dependencies:
    acorn "^3.1.0"
    acorn-globals "^3.0.0"

wordwrap@0.0.2:
  version "0.0.2"
  resolved "https://registry.npmjs.org/wordwrap/-/wordwrap-0.0.2.tgz#b79669bb42ecb409f83d583cad52ca17eaa1643f"
  integrity sha1-t5Zpu0LstAn4PVg8rVLKF+qhZD8=

yallist@^2.1.2:
  version "2.1.2"
  resolved "https://registry.npmjs.org/yallist/-/yallist-2.1.2.tgz#1c11f9218f076089a47dd512f93c6699a6a81d52"
  integrity sha1-HBH5IY8HYImkfdUS+TxmmaaoHVI=

yargs@~3.10.0:
  version "3.10.0"
  resolved "https://registry.npmjs.org/yargs/-/yargs-3.10.0.tgz#f7ee7bd857dd7c1d2d38c0e74efbd681d1431fd1"
  integrity sha1-9+572FfdfB0tOMDnTvvWgdFDH9E=
  dependencies:
    camelcase "^1.0.2"
    cliui "^2.1.0"
    decamelize "^1.0.0"
    window-size "0.1.0"
