# THIS IS AN AUTOGENERATED FILE. DO NOT EDIT THIS FILE DIRECTLY.
# yarn lockfile v1


argparse@^2.0.1:
  version "2.0.1"
  resolved "https://registry.npmjs.org/argparse/-/argparse-2.0.1.tgz"
  integrity sha512-8+9WqebbFzpX9OR+Wa6O29asIogeRMzcGtAINdpMHHyAg10f05aSFVBbcEqGf/PXw1EjAZ+q2/bEBg3DvurK3Q==

axios@^0.24.0:
  version "0.24.0"
  resolved "https://registry.npmjs.org/axios/-/axios-0.24.0.tgz"
  integrity sha512-Q6cWsys88HoPgAaFAVUb0WpPk0O8iTeisR9IMqy9G8AbO4NlpVknrnQS03zzF9PGAWgO3cgletO3VjV/P7VztA==
  dependencies:
    follow-redirects "^1.14.4"

clipboard-copy@^4.0.1:
  version "4.0.1"
  resolved "https://registry.npmjs.org/clipboard-copy/-/clipboard-copy-4.0.1.tgz"
  integrity sha512-wOlqdqziE/NNTUJsfSgXmBMIrYmfd5V0HCGsR8uAKHcg+h9NENWINcfRjtWGU77wDHC8B8ijV4hMTGYbrKovng==

entities@3.0.1:
  version "3.0.1"
  resolved "https://registry.npmjs.org/entities/-/entities-3.0.1.tgz"
  integrity sha512-WiyBqoomrwMdFG1e0kqvASYfnlb0lp8M5o5Fw2OFq1hNZxxcNk8Ik0Xm7LxzBhuidnZB/UtBqVCgUz3kBOP51Q==

entities@~2.1.0:
  version "2.1.0"
  resolved "https://registry.npmjs.org/entities/-/entities-2.1.0.tgz"
  integrity sha512-hCx1oky9PFrJ611mf0ifBLBRW8lUUVRlFolb5gWRfIELabBlbp9xZvrqZLZAs+NxFnbfQoeGd8wDkygjg7U85w==

hotkeys-js@3.8.7:
  version "3.8.7"
  resolved "https://registry.npmjs.org/hotkeys-js/-/hotkeys-js-3.8.7.tgz"
  integrity sha512-ckAx3EkUr5XjDwjEHDorHxRO2Kb7z6Z2Sxul4MbBkN8Nho7XDslQsgMJT+CiJ5Z4TgRxxvKHEpuLE3imzqy4Lg==

linkify-it@^3.0.1:
  version "3.0.3"
  resolved "https://registry.npmjs.org/linkify-it/-/linkify-it-3.0.3.tgz"
  integrity sha512-ynTsyrFSdE5oZ/O9GEf00kPngmOfVwazR5GKDq6EYfhlpFug3J2zybX56a2PRRpc9P+FuSoGNAwjlbDs9jJBPQ==
  dependencies:
    uc.micro "^1.0.1"

markdown-it@^12.0.0:
  version "12.3.2"
  resolved "https://registry.npmjs.org/markdown-it/-/markdown-it-12.3.2.tgz"
  integrity sha512-TchMembfxfNVpHkbtriWltGWc+m3xszaRD0CZup7GFFhzIgQqxIfn3eGj1yZpfuflzPvfkt611B2Q/Bsk1YnGg==
  dependencies:
    argparse "^2.0.1"
    entities "~2.1.0"
    linkify-it "^3.0.1"
    mdurl "^1.0.1"
    uc.micro "^1.0.5"

set-value@^4.0.0:
  version "4.1.0"
  resolved "https://registry.npmjs.org/set-value/-/set-value-4.1.0.tgz"
  integrity sha512-zTEg4HL0RwVrqcWs3ztF+x1vkxfm0lP+MQQFPiMJTKVceBwEV0A569Ou8l9IYQG8jOZdMVI1hGsc0tmeD2o/Lw==
  dependencies:
    is-plain-object "^2.0.4"
    is-primitive "^3.0.1"
